
Microsoft Visual Studio Solution File, Format Version 12.00
# Visual Studio Version 17
VisualStudioVersion = 17.9.34723.18
MinimumVisualStudioVersion = 10.0.40219.1
Project("{2150E333-8FDC-42A3-9474-1A3956D46DE8}") = "Creational", "Creational", "{E573550A-C6D9-466F-BE7A-6096A43B096D}"
EndProject
Project("{2150E333-8FDC-42A3-9474-1A3956D46DE8}") = "Structural", "Structural", "{57F9A09D-7F66-4787-951C-F6FAF41F2A55}"
EndProject
Project("{2150E333-8FDC-42A3-9474-1A3956D46DE8}") = "Behavioral", "Behavioral", "{D7786C84-6E99-4CA4-9E00-CE367D080794}"
EndProject
Project("{FAE04EC0-301F-11D3-BF4B-00C04F79EFBC}") = "FactoryMethod", "Creational\FactoryMethod\FactoryMethod.csproj", "{B8C27C41-AD8B-4B2B-AE11-1963E3CC5A46}"
EndProject
Project("{FAE04EC0-301F-11D3-BF4B-00C04F79EFBC}") = "AbstractFactory", "Creational\AbstractFactory\AbstractFactory.csproj", "{46C4CC90-6E6A-4D8E-B8AD-136F3570E333}"
EndProject
Project("{FAE04EC0-301F-11D3-BF4B-00C04F79EFBC}") = "Builder", "Creational\Builder\Builder.csproj", "{75E02813-EBA1-4FE1-8C86-EE14DC58AD79}"
EndProject
Project("{FAE04EC0-301F-11D3-BF4B-00C04F79EFBC}") = "Prototype", "Creational\Prototype\Prototype.csproj", "{01F0F1F6-BE72-4BF5-9993-66E4F5014D9D}"
EndProject
Project("{FAE04EC0-301F-11D3-BF4B-00C04F79EFBC}") = "Singleton", "Singleton\Singleton.csproj", "{8C034865-4DEE-44EB-9164-5D8F263A7694}"
EndProject
Global
	GlobalSection(SolutionConfigurationPlatforms) = preSolution
		Debug|Any CPU = Debug|Any CPU
		Release|Any CPU = Release|Any CPU
	EndGlobalSection
	GlobalSection(ProjectConfigurationPlatforms) = postSolution
		{B8C27C41-AD8B-4B2B-AE11-1963E3CC5A46}.Debug|Any CPU.ActiveCfg = Debug|Any CPU
		{B8C27C41-AD8B-4B2B-AE11-1963E3CC5A46}.Debug|Any CPU.Build.0 = Debug|Any CPU
		{B8C27C41-AD8B-4B2B-AE11-1963E3CC5A46}.Release|Any CPU.ActiveCfg = Release|Any CPU
		{B8C27C41-AD8B-4B2B-AE11-1963E3CC5A46}.Release|Any CPU.Build.0 = Release|Any CPU
		{46C4CC90-6E6A-4D8E-B8AD-136F3570E333}.Debug|Any CPU.ActiveCfg = Debug|Any CPU
		{46C4CC90-6E6A-4D8E-B8AD-136F3570E333}.Debug|Any CPU.Build.0 = Debug|Any CPU
		{46C4CC90-6E6A-4D8E-B8AD-136F3570E333}.Release|Any CPU.ActiveCfg = Release|Any CPU
		{46C4CC90-6E6A-4D8E-B8AD-136F3570E333}.Release|Any CPU.Build.0 = Release|Any CPU
		{75E02813-EBA1-4FE1-8C86-EE14DC58AD79}.Debug|Any CPU.ActiveCfg = Debug|Any CPU
		{75E02813-EBA1-4FE1-8C86-EE14DC58AD79}.Debug|Any CPU.Build.0 = Debug|Any CPU
		{75E02813-EBA1-4FE1-8C86-EE14DC58AD79}.Release|Any CPU.ActiveCfg = Release|Any CPU
		{75E02813-EBA1-4FE1-8C86-EE14DC58AD79}.Release|Any CPU.Build.0 = Release|Any CPU
		{01F0F1F6-BE72-4BF5-9993-66E4F5014D9D}.Debug|Any CPU.ActiveCfg = Debug|Any CPU
		{01F0F1F6-BE72-4BF5-9993-66E4F5014D9D}.Debug|Any CPU.Build.0 = Debug|Any CPU
		{01F0F1F6-BE72-4BF5-9993-66E4F5014D9D}.Release|Any CPU.ActiveCfg = Release|Any CPU
		{01F0F1F6-BE72-4BF5-9993-66E4F5014D9D}.Release|Any CPU.Build.0 = Release|Any CPU
		{8C034865-4DEE-44EB-9164-5D8F263A7694}.Debug|Any CPU.ActiveCfg = Debug|Any CPU
		{8C034865-4DEE-44EB-9164-5D8F263A7694}.Debug|Any CPU.Build.0 = Debug|Any CPU
		{8C034865-4DEE-44EB-9164-5D8F263A7694}.Release|Any CPU.ActiveCfg = Release|Any CPU
		{8C034865-4DEE-44EB-9164-5D8F263A7694}.Release|Any CPU.Build.0 = Release|Any CPU
	EndGlobalSection
	GlobalSection(SolutionProperties) = preSolution
		HideSolutionNode = FALSE
	EndGlobalSection
	GlobalSection(NestedProjects) = preSolution
		{B8C27C41-AD8B-4B2B-AE11-1963E3CC5A46} = {E573550A-C6D9-466F-BE7A-6096A43B096D}
		{46C4CC90-6E6A-4D8E-B8AD-136F3570E333} = {E573550A-C6D9-466F-BE7A-6096A43B096D}
		{75E02813-EBA1-4FE1-8C86-EE14DC58AD79} = {E573550A-C6D9-466F-BE7A-6096A43B096D}
		{01F0F1F6-BE72-4BF5-9993-66E4F5014D9D} = {E573550A-C6D9-466F-BE7A-6096A43B096D}
		{8C034865-4DEE-44EB-9164-5D8F263A7694} = {E573550A-C6D9-466F-BE7A-6096A43B096D}
	EndGlobalSection
	GlobalSection(ExtensibilityGlobals) = postSolution
		SolutionGuid = {263EE9CF-6B52-49CB-A61E-42706CDEF8FB}
	EndGlobalSection
EndGlobal
