
Microsoft Visual Studio Solution File, Format Version 12.00
# Visual Studio Version 17
VisualStudioVersion = 17.9.34723.18
MinimumVisualStudioVersion = 10.0.40219.1
Project("{2150E333-8FDC-42A3-9474-1A3956D46DE8}") = "Creational", "Creational", "{E573550A-C6D9-466F-BE7A-6096A43B096D}"
EndProject
Project("{2150E333-8FDC-42A3-9474-1A3956D46DE8}") = "Structural", "Structural", "{57F9A09D-7F66-4787-951C-F6FAF41F2A55}"
EndProject
Project("{2150E333-8FDC-42A3-9474-1A3956D46DE8}") = "Behavioral", "Behavioral", "{D7786C84-6E99-4CA4-9E00-CE367D080794}"
EndProject
Project("{FAE04EC0-301F-11D3-BF4B-00C04F79EFBC}") = "FactoryMethod", "Creational\FactoryMethod\FactoryMethod.csproj", "{B8C27C41-AD8B-4B2B-AE11-1963E3CC5A46}"
EndProject
Project("{FAE04EC0-301F-11D3-BF4B-00C04F79EFBC}") = "AbstractFactory", "Creational\AbstractFactory\AbstractFactory.csproj", "{46C4CC90-6E6A-4D8E-B8AD-136F3570E333}"
EndProject
Project("{FAE04EC0-301F-11D3-BF4B-00C04F79EFBC}") = "Builder", "Creational\Builder\Builder.csproj", "{75E02813-EBA1-4FE1-8C86-EE14DC58AD79}"
EndProject
Project("{FAE04EC0-301F-11D3-BF4B-00C04F79EFBC}") = "Prototype", "Creational\Prototype\Prototype.csproj", "{01F0F1F6-BE72-4BF5-9993-66E4F5014D9D}"
EndProject
Project("{FAE04EC0-301F-11D3-BF4B-00C04F79EFBC}") = "Adapter", "Structural\Adapter\Adapter.csproj", "{5A11A1AE-C2C7-408A-8ECE-6CA58F0672AF}"
EndProject
Project("{9A19103F-16F7-4668-BE54-9A1E7A4F7556}") = "Singleton", "Creational\Singleton\Singleton.csproj", "{074D579C-C581-4D48-912C-2F19F8B091C9}"
EndProject
Project("{9A19103F-16F7-4668-BE54-9A1E7A4F7556}") = "Bridge", "Structural\Bridge\Bridge.csproj", "{3C3C1969-2AC1-4918-ABDE-246D3F8B1FFA}"
EndProject
Project("{FAE04EC0-301F-11D3-BF4B-00C04F79EFBC}") = "Composite", "Structural\Composite\Composite.csproj", "{428094EF-16B9-4A1B-AA9D-39A4D95B9EC5}"
EndProject
Project("{9A19103F-16F7-4668-BE54-9A1E7A4F7556}") = "Decorator", "Structural\Decorator\Decorator.csproj", "{5372732E-B80A-4CFE-BA1F-FA45DFD1AB82}"
EndProject
Project("{9A19103F-16F7-4668-BE54-9A1E7A4F7556}") = "Facade", "Structural\Facade\Facade.csproj", "{40AF778E-FB71-486E-81FD-BFF05834C598}"
EndProject
Project("{9A19103F-16F7-4668-BE54-9A1E7A4F7556}") = "Flyweight", "Structural\Flyweight\Flyweight.csproj", "{E3E579C4-0D5F-45E9-8FE6-F2E73D93AE3C}"
EndProject
Project("{FAE04EC0-301F-11D3-BF4B-00C04F79EFBC}") = "Proxy", "Structural\Proxy\Proxy.csproj", "{88F1F718-B358-4362-97FD-50D17C03B957}"
EndProject
Project("{FAE04EC0-301F-11D3-BF4B-00C04F79EFBC}") = "ProxyWindows", "ProxyWindows\ProxyWindows.csproj", "{70FC3FDD-51C8-4163-B2B9-9DA9A01ED0B0}"
EndProject
Project("{FAE04EC0-301F-11D3-BF4B-00C04F79EFBC}") = "ChainOfResponsibility", "Behavioral\ChainOfResponsibility\ChainOfResponsibility.csproj", "{3B932145-F6EB-4FB2-86F0-346B41943333}"
EndProject
Project("{FAE04EC0-301F-11D3-BF4B-00C04F79EFBC}") = "Command", "Behavioral\Command\Command.csproj", "{F0CB4D44-C2C6-4265-8450-CFBEBBA6656F}"
EndProject
Project("{9A19103F-16F7-4668-BE54-9A1E7A4F7556}") = "Interpreter", "Behavioral\Interpreter\Interpreter.csproj", "{5EF00A4A-3419-4A35-BB91-B5AA860CC175}"
EndProject
Project("{FAE04EC0-301F-11D3-BF4B-00C04F79EFBC}") = "Iterator", "Behavioral\Iterator\Iterator.csproj", "{1B9893A4-0CC7-4032-B3AD-1C6E25B30829}"
EndProject
Project("{FAE04EC0-301F-11D3-BF4B-00C04F79EFBC}") = "Mediator", "Behavioral\Mediator\Mediator.csproj", "{24AF6161-58E4-4E39-93E3-853ED02B5025}"
EndProject
Project("{9A19103F-16F7-4668-BE54-9A1E7A4F7556}") = "Memento", "Behavioral\Memento\Memento.csproj", "{E556FDBE-3C14-41B9-AA7F-167670CF3C13}"
EndProject
Project("{9A19103F-16F7-4668-BE54-9A1E7A4F7556}") = "Observer", "Behavioral\Observer\Observer.csproj", "{BD26DA15-545F-45B4-8E17-B4E45EB2B13C}"
EndProject
Project("{FAE04EC0-301F-11D3-BF4B-00C04F79EFBC}") = "State", "Behavioral\State\State.csproj", "{76F1E59E-BE10-40C9-B93E-847FE4502F63}"
EndProject
Project("{9A19103F-16F7-4668-BE54-9A1E7A4F7556}") = "TemplateMethod", "Behavioral\TemplateMethod\TemplateMethod.csproj", "{EF6267C4-AA1D-435D-8017-C175B4B9EA27}"
EndProject
Project("{FAE04EC0-301F-11D3-BF4B-00C04F79EFBC}") = "Visitor", "Behavioral\Visitor\Visitor.csproj", "{7247DA76-01CE-47AA-B3B6-7083B3275349}"
EndProject
Project("{FAE04EC0-301F-11D3-BF4B-00C04F79EFBC}") = "Strategy", "Behavioral\Strategy\Strategy.csproj", "{0A3F2B12-A84B-4BBB-A5F2-F9C90B12309C}"
EndProject
Global
	GlobalSection(SolutionConfigurationPlatforms) = preSolution
		Debug|Any CPU = Debug|Any CPU
		Release|Any CPU = Release|Any CPU
	EndGlobalSection
	GlobalSection(ProjectConfigurationPlatforms) = postSolution
		{B8C27C41-AD8B-4B2B-AE11-1963E3CC5A46}.Debug|Any CPU.ActiveCfg = Debug|Any CPU
		{B8C27C41-AD8B-4B2B-AE11-1963E3CC5A46}.Debug|Any CPU.Build.0 = Debug|Any CPU
		{B8C27C41-AD8B-4B2B-AE11-1963E3CC5A46}.Release|Any CPU.ActiveCfg = Release|Any CPU
		{B8C27C41-AD8B-4B2B-AE11-1963E3CC5A46}.Release|Any CPU.Build.0 = Release|Any CPU
		{46C4CC90-6E6A-4D8E-B8AD-136F3570E333}.Debug|Any CPU.ActiveCfg = Debug|Any CPU
		{46C4CC90-6E6A-4D8E-B8AD-136F3570E333}.Debug|Any CPU.Build.0 = Debug|Any CPU
		{46C4CC90-6E6A-4D8E-B8AD-136F3570E333}.Release|Any CPU.ActiveCfg = Release|Any CPU
		{46C4CC90-6E6A-4D8E-B8AD-136F3570E333}.Release|Any CPU.Build.0 = Release|Any CPU
		{75E02813-EBA1-4FE1-8C86-EE14DC58AD79}.Debug|Any CPU.ActiveCfg = Debug|Any CPU
		{75E02813-EBA1-4FE1-8C86-EE14DC58AD79}.Debug|Any CPU.Build.0 = Debug|Any CPU
		{75E02813-EBA1-4FE1-8C86-EE14DC58AD79}.Release|Any CPU.ActiveCfg = Release|Any CPU
		{75E02813-EBA1-4FE1-8C86-EE14DC58AD79}.Release|Any CPU.Build.0 = Release|Any CPU
		{01F0F1F6-BE72-4BF5-9993-66E4F5014D9D}.Debug|Any CPU.ActiveCfg = Debug|Any CPU
		{01F0F1F6-BE72-4BF5-9993-66E4F5014D9D}.Debug|Any CPU.Build.0 = Debug|Any CPU
		{01F0F1F6-BE72-4BF5-9993-66E4F5014D9D}.Release|Any CPU.ActiveCfg = Release|Any CPU
		{01F0F1F6-BE72-4BF5-9993-66E4F5014D9D}.Release|Any CPU.Build.0 = Release|Any CPU
		{5A11A1AE-C2C7-408A-8ECE-6CA58F0672AF}.Debug|Any CPU.ActiveCfg = Debug|Any CPU
		{5A11A1AE-C2C7-408A-8ECE-6CA58F0672AF}.Debug|Any CPU.Build.0 = Debug|Any CPU
		{5A11A1AE-C2C7-408A-8ECE-6CA58F0672AF}.Release|Any CPU.ActiveCfg = Release|Any CPU
		{5A11A1AE-C2C7-408A-8ECE-6CA58F0672AF}.Release|Any CPU.Build.0 = Release|Any CPU
		{074D579C-C581-4D48-912C-2F19F8B091C9}.Debug|Any CPU.ActiveCfg = Debug|Any CPU
		{074D579C-C581-4D48-912C-2F19F8B091C9}.Debug|Any CPU.Build.0 = Debug|Any CPU
		{074D579C-C581-4D48-912C-2F19F8B091C9}.Release|Any CPU.ActiveCfg = Release|Any CPU
		{074D579C-C581-4D48-912C-2F19F8B091C9}.Release|Any CPU.Build.0 = Release|Any CPU
		{3C3C1969-2AC1-4918-ABDE-246D3F8B1FFA}.Debug|Any CPU.ActiveCfg = Debug|Any CPU
		{3C3C1969-2AC1-4918-ABDE-246D3F8B1FFA}.Debug|Any CPU.Build.0 = Debug|Any CPU
		{3C3C1969-2AC1-4918-ABDE-246D3F8B1FFA}.Release|Any CPU.ActiveCfg = Release|Any CPU
		{3C3C1969-2AC1-4918-ABDE-246D3F8B1FFA}.Release|Any CPU.Build.0 = Release|Any CPU
		{428094EF-16B9-4A1B-AA9D-39A4D95B9EC5}.Debug|Any CPU.ActiveCfg = Debug|Any CPU
		{428094EF-16B9-4A1B-AA9D-39A4D95B9EC5}.Debug|Any CPU.Build.0 = Debug|Any CPU
		{428094EF-16B9-4A1B-AA9D-39A4D95B9EC5}.Release|Any CPU.ActiveCfg = Release|Any CPU
		{428094EF-16B9-4A1B-AA9D-39A4D95B9EC5}.Release|Any CPU.Build.0 = Release|Any CPU
		{5372732E-B80A-4CFE-BA1F-FA45DFD1AB82}.Debug|Any CPU.ActiveCfg = Debug|Any CPU
		{5372732E-B80A-4CFE-BA1F-FA45DFD1AB82}.Debug|Any CPU.Build.0 = Debug|Any CPU
		{5372732E-B80A-4CFE-BA1F-FA45DFD1AB82}.Release|Any CPU.ActiveCfg = Release|Any CPU
		{5372732E-B80A-4CFE-BA1F-FA45DFD1AB82}.Release|Any CPU.Build.0 = Release|Any CPU
		{40AF778E-FB71-486E-81FD-BFF05834C598}.Debug|Any CPU.ActiveCfg = Debug|Any CPU
		{40AF778E-FB71-486E-81FD-BFF05834C598}.Debug|Any CPU.Build.0 = Debug|Any CPU
		{40AF778E-FB71-486E-81FD-BFF05834C598}.Release|Any CPU.ActiveCfg = Release|Any CPU
		{40AF778E-FB71-486E-81FD-BFF05834C598}.Release|Any CPU.Build.0 = Release|Any CPU
		{E3E579C4-0D5F-45E9-8FE6-F2E73D93AE3C}.Debug|Any CPU.ActiveCfg = Debug|Any CPU
		{E3E579C4-0D5F-45E9-8FE6-F2E73D93AE3C}.Debug|Any CPU.Build.0 = Debug|Any CPU
		{E3E579C4-0D5F-45E9-8FE6-F2E73D93AE3C}.Release|Any CPU.ActiveCfg = Release|Any CPU
		{E3E579C4-0D5F-45E9-8FE6-F2E73D93AE3C}.Release|Any CPU.Build.0 = Release|Any CPU
		{88F1F718-B358-4362-97FD-50D17C03B957}.Debug|Any CPU.ActiveCfg = Debug|Any CPU
		{88F1F718-B358-4362-97FD-50D17C03B957}.Debug|Any CPU.Build.0 = Debug|Any CPU
		{88F1F718-B358-4362-97FD-50D17C03B957}.Release|Any CPU.ActiveCfg = Release|Any CPU
		{88F1F718-B358-4362-97FD-50D17C03B957}.Release|Any CPU.Build.0 = Release|Any CPU
		{70FC3FDD-51C8-4163-B2B9-9DA9A01ED0B0}.Debug|Any CPU.ActiveCfg = Debug|Any CPU
		{70FC3FDD-51C8-4163-B2B9-9DA9A01ED0B0}.Debug|Any CPU.Build.0 = Debug|Any CPU
		{70FC3FDD-51C8-4163-B2B9-9DA9A01ED0B0}.Release|Any CPU.ActiveCfg = Release|Any CPU
		{70FC3FDD-51C8-4163-B2B9-9DA9A01ED0B0}.Release|Any CPU.Build.0 = Release|Any CPU
		{3B932145-F6EB-4FB2-86F0-346B41943333}.Debug|Any CPU.ActiveCfg = Debug|Any CPU
		{3B932145-F6EB-4FB2-86F0-346B41943333}.Debug|Any CPU.Build.0 = Debug|Any CPU
		{3B932145-F6EB-4FB2-86F0-346B41943333}.Release|Any CPU.ActiveCfg = Release|Any CPU
		{3B932145-F6EB-4FB2-86F0-346B41943333}.Release|Any CPU.Build.0 = Release|Any CPU
		{F0CB4D44-C2C6-4265-8450-CFBEBBA6656F}.Debug|Any CPU.ActiveCfg = Debug|Any CPU
		{F0CB4D44-C2C6-4265-8450-CFBEBBA6656F}.Debug|Any CPU.Build.0 = Debug|Any CPU
		{F0CB4D44-C2C6-4265-8450-CFBEBBA6656F}.Release|Any CPU.ActiveCfg = Release|Any CPU
		{F0CB4D44-C2C6-4265-8450-CFBEBBA6656F}.Release|Any CPU.Build.0 = Release|Any CPU
		{5EF00A4A-3419-4A35-BB91-B5AA860CC175}.Debug|Any CPU.ActiveCfg = Debug|Any CPU
		{5EF00A4A-3419-4A35-BB91-B5AA860CC175}.Debug|Any CPU.Build.0 = Debug|Any CPU
		{5EF00A4A-3419-4A35-BB91-B5AA860CC175}.Release|Any CPU.ActiveCfg = Release|Any CPU
		{5EF00A4A-3419-4A35-BB91-B5AA860CC175}.Release|Any CPU.Build.0 = Release|Any CPU
		{1B9893A4-0CC7-4032-B3AD-1C6E25B30829}.Debug|Any CPU.ActiveCfg = Debug|Any CPU
		{1B9893A4-0CC7-4032-B3AD-1C6E25B30829}.Debug|Any CPU.Build.0 = Debug|Any CPU
		{1B9893A4-0CC7-4032-B3AD-1C6E25B30829}.Release|Any CPU.ActiveCfg = Release|Any CPU
		{1B9893A4-0CC7-4032-B3AD-1C6E25B30829}.Release|Any CPU.Build.0 = Release|Any CPU
		{24AF6161-58E4-4E39-93E3-853ED02B5025}.Debug|Any CPU.ActiveCfg = Debug|Any CPU
		{24AF6161-58E4-4E39-93E3-853ED02B5025}.Debug|Any CPU.Build.0 = Debug|Any CPU
		{24AF6161-58E4-4E39-93E3-853ED02B5025}.Release|Any CPU.ActiveCfg = Release|Any CPU
		{24AF6161-58E4-4E39-93E3-853ED02B5025}.Release|Any CPU.Build.0 = Release|Any CPU
		{E556FDBE-3C14-41B9-AA7F-167670CF3C13}.Debug|Any CPU.ActiveCfg = Debug|Any CPU
		{E556FDBE-3C14-41B9-AA7F-167670CF3C13}.Debug|Any CPU.Build.0 = Debug|Any CPU
		{E556FDBE-3C14-41B9-AA7F-167670CF3C13}.Release|Any CPU.ActiveCfg = Release|Any CPU
		{E556FDBE-3C14-41B9-AA7F-167670CF3C13}.Release|Any CPU.Build.0 = Release|Any CPU
		{BD26DA15-545F-45B4-8E17-B4E45EB2B13C}.Debug|Any CPU.ActiveCfg = Debug|Any CPU
		{BD26DA15-545F-45B4-8E17-B4E45EB2B13C}.Debug|Any CPU.Build.0 = Debug|Any CPU
		{BD26DA15-545F-45B4-8E17-B4E45EB2B13C}.Release|Any CPU.ActiveCfg = Release|Any CPU
		{BD26DA15-545F-45B4-8E17-B4E45EB2B13C}.Release|Any CPU.Build.0 = Release|Any CPU
		{76F1E59E-BE10-40C9-B93E-847FE4502F63}.Debug|Any CPU.ActiveCfg = Debug|Any CPU
		{76F1E59E-BE10-40C9-B93E-847FE4502F63}.Debug|Any CPU.Build.0 = Debug|Any CPU
		{76F1E59E-BE10-40C9-B93E-847FE4502F63}.Release|Any CPU.ActiveCfg = Release|Any CPU
		{76F1E59E-BE10-40C9-B93E-847FE4502F63}.Release|Any CPU.Build.0 = Release|Any CPU
		{EF6267C4-AA1D-435D-8017-C175B4B9EA27}.Debug|Any CPU.ActiveCfg = Debug|Any CPU
		{EF6267C4-AA1D-435D-8017-C175B4B9EA27}.Debug|Any CPU.Build.0 = Debug|Any CPU
		{EF6267C4-AA1D-435D-8017-C175B4B9EA27}.Release|Any CPU.ActiveCfg = Release|Any CPU
		{EF6267C4-AA1D-435D-8017-C175B4B9EA27}.Release|Any CPU.Build.0 = Release|Any CPU
		{7247DA76-01CE-47AA-B3B6-7083B3275349}.Debug|Any CPU.ActiveCfg = Debug|Any CPU
		{7247DA76-01CE-47AA-B3B6-7083B3275349}.Debug|Any CPU.Build.0 = Debug|Any CPU
		{7247DA76-01CE-47AA-B3B6-7083B3275349}.Release|Any CPU.ActiveCfg = Release|Any CPU
		{7247DA76-01CE-47AA-B3B6-7083B3275349}.Release|Any CPU.Build.0 = Release|Any CPU
		{0A3F2B12-A84B-4BBB-A5F2-F9C90B12309C}.Debug|Any CPU.ActiveCfg = Debug|Any CPU
		{0A3F2B12-A84B-4BBB-A5F2-F9C90B12309C}.Debug|Any CPU.Build.0 = Debug|Any CPU
		{0A3F2B12-A84B-4BBB-A5F2-F9C90B12309C}.Release|Any CPU.ActiveCfg = Release|Any CPU
		{0A3F2B12-A84B-4BBB-A5F2-F9C90B12309C}.Release|Any CPU.Build.0 = Release|Any CPU
	EndGlobalSection
	GlobalSection(SolutionProperties) = preSolution
		HideSolutionNode = FALSE
	EndGlobalSection
	GlobalSection(NestedProjects) = preSolution
		{B8C27C41-AD8B-4B2B-AE11-1963E3CC5A46} = {E573550A-C6D9-466F-BE7A-6096A43B096D}
		{46C4CC90-6E6A-4D8E-B8AD-136F3570E333} = {E573550A-C6D9-466F-BE7A-6096A43B096D}
		{75E02813-EBA1-4FE1-8C86-EE14DC58AD79} = {E573550A-C6D9-466F-BE7A-6096A43B096D}
		{01F0F1F6-BE72-4BF5-9993-66E4F5014D9D} = {E573550A-C6D9-466F-BE7A-6096A43B096D}
		{5A11A1AE-C2C7-408A-8ECE-6CA58F0672AF} = {57F9A09D-7F66-4787-951C-F6FAF41F2A55}
		{074D579C-C581-4D48-912C-2F19F8B091C9} = {E573550A-C6D9-466F-BE7A-6096A43B096D}
		{3C3C1969-2AC1-4918-ABDE-246D3F8B1FFA} = {57F9A09D-7F66-4787-951C-F6FAF41F2A55}
		{428094EF-16B9-4A1B-AA9D-39A4D95B9EC5} = {57F9A09D-7F66-4787-951C-F6FAF41F2A55}
		{5372732E-B80A-4CFE-BA1F-FA45DFD1AB82} = {57F9A09D-7F66-4787-951C-F6FAF41F2A55}
		{40AF778E-FB71-486E-81FD-BFF05834C598} = {57F9A09D-7F66-4787-951C-F6FAF41F2A55}
		{E3E579C4-0D5F-45E9-8FE6-F2E73D93AE3C} = {57F9A09D-7F66-4787-951C-F6FAF41F2A55}
		{88F1F718-B358-4362-97FD-50D17C03B957} = {57F9A09D-7F66-4787-951C-F6FAF41F2A55}
		{70FC3FDD-51C8-4163-B2B9-9DA9A01ED0B0} = {57F9A09D-7F66-4787-951C-F6FAF41F2A55}
		{3B932145-F6EB-4FB2-86F0-346B41943333} = {D7786C84-6E99-4CA4-9E00-CE367D080794}
		{F0CB4D44-C2C6-4265-8450-CFBEBBA6656F} = {D7786C84-6E99-4CA4-9E00-CE367D080794}
		{5EF00A4A-3419-4A35-BB91-B5AA860CC175} = {D7786C84-6E99-4CA4-9E00-CE367D080794}
		{1B9893A4-0CC7-4032-B3AD-1C6E25B30829} = {D7786C84-6E99-4CA4-9E00-CE367D080794}
		{24AF6161-58E4-4E39-93E3-853ED02B5025} = {D7786C84-6E99-4CA4-9E00-CE367D080794}
		{E556FDBE-3C14-41B9-AA7F-167670CF3C13} = {D7786C84-6E99-4CA4-9E00-CE367D080794}
		{BD26DA15-545F-45B4-8E17-B4E45EB2B13C} = {D7786C84-6E99-4CA4-9E00-CE367D080794}
		{76F1E59E-BE10-40C9-B93E-847FE4502F63} = {D7786C84-6E99-4CA4-9E00-CE367D080794}
		{EF6267C4-AA1D-435D-8017-C175B4B9EA27} = {D7786C84-6E99-4CA4-9E00-CE367D080794}
		{7247DA76-01CE-47AA-B3B6-7083B3275349} = {D7786C84-6E99-4CA4-9E00-CE367D080794}
		{0A3F2B12-A84B-4BBB-A5F2-F9C90B12309C} = {D7786C84-6E99-4CA4-9E00-CE367D080794}
	EndGlobalSection
	GlobalSection(ExtensibilityGlobals) = postSolution
		SolutionGuid = {263EE9CF-6B52-49CB-A61E-42706CDEF8FB}
	EndGlobalSection
EndGlobal
