
Microsoft Visual Studio Solution File, Format Version 12.00
# Visual Studio Version 17
VisualStudioVersion = 17.9.34723.18
MinimumVisualStudioVersion = 10.0.40219.1
Project("{FAE04EC0-301F-11D3-BF4B-00C04F79EFBC}") = "ClassVSObject", "ClassVSObject\ClassVSObject.csproj", "{2F07EACF-BA78-4150-A09D-F06FBBD9388B}"
EndProject
Project("{FAE04EC0-301F-11D3-BF4B-00C04F79EFBC}") = "Encapsulation", "Encapsulation\Encapsulation.csproj", "{481586F2-552C-49E4-A3D5-F0FE7BD4BB14}"
EndProject
Project("{FAE04EC0-301F-11D3-BF4B-00C04F79EFBC}") = "Constructor", "Constructor\Constructor.csproj", "{510FF80C-2D98-4FE6-B700-38F5A6557500}"
EndProject
Project("{FAE04EC0-301F-11D3-BF4B-00C04F79EFBC}") = "Inheritance", "Inheritance\Inheritance.csproj", "{6EF868C1-65FF-4982-8919-FAE64544BBC0}"
EndProject
Project("{FAE04EC0-301F-11D3-BF4B-00C04F79EFBC}") = "AbstractAndInterface", "AbstractAndInterface\AbstractAndInterface.csproj", "{D7144442-7863-403A-93B5-D21A33A2D4FA}"
EndProject
Global
	GlobalSection(SolutionConfigurationPlatforms) = preSolution
		Debug|Any CPU = Debug|Any CPU
		Release|Any CPU = Release|Any CPU
	EndGlobalSection
	GlobalSection(ProjectConfigurationPlatforms) = postSolution
		{2F07EACF-BA78-4150-A09D-F06FBBD9388B}.Debug|Any CPU.ActiveCfg = Debug|Any CPU
		{2F07EACF-BA78-4150-A09D-F06FBBD9388B}.Debug|Any CPU.Build.0 = Debug|Any CPU
		{2F07EACF-BA78-4150-A09D-F06FBBD9388B}.Release|Any CPU.ActiveCfg = Release|Any CPU
		{2F07EACF-BA78-4150-A09D-F06FBBD9388B}.Release|Any CPU.Build.0 = Release|Any CPU
		{481586F2-552C-49E4-A3D5-F0FE7BD4BB14}.Debug|Any CPU.ActiveCfg = Debug|Any CPU
		{481586F2-552C-49E4-A3D5-F0FE7BD4BB14}.Debug|Any CPU.Build.0 = Debug|Any CPU
		{481586F2-552C-49E4-A3D5-F0FE7BD4BB14}.Release|Any CPU.ActiveCfg = Release|Any CPU
		{481586F2-552C-49E4-A3D5-F0FE7BD4BB14}.Release|Any CPU.Build.0 = Release|Any CPU
		{510FF80C-2D98-4FE6-B700-38F5A6557500}.Debug|Any CPU.ActiveCfg = Debug|Any CPU
		{510FF80C-2D98-4FE6-B700-38F5A6557500}.Debug|Any CPU.Build.0 = Debug|Any CPU
		{510FF80C-2D98-4FE6-B700-38F5A6557500}.Release|Any CPU.ActiveCfg = Release|Any CPU
		{510FF80C-2D98-4FE6-B700-38F5A6557500}.Release|Any CPU.Build.0 = Release|Any CPU
		{6EF868C1-65FF-4982-8919-FAE64544BBC0}.Debug|Any CPU.ActiveCfg = Debug|Any CPU
		{6EF868C1-65FF-4982-8919-FAE64544BBC0}.Debug|Any CPU.Build.0 = Debug|Any CPU
		{6EF868C1-65FF-4982-8919-FAE64544BBC0}.Release|Any CPU.ActiveCfg = Release|Any CPU
		{6EF868C1-65FF-4982-8919-FAE64544BBC0}.Release|Any CPU.Build.0 = Release|Any CPU
		{D7144442-7863-403A-93B5-D21A33A2D4FA}.Debug|Any CPU.ActiveCfg = Debug|Any CPU
		{D7144442-7863-403A-93B5-D21A33A2D4FA}.Debug|Any CPU.Build.0 = Debug|Any CPU
		{D7144442-7863-403A-93B5-D21A33A2D4FA}.Release|Any CPU.ActiveCfg = Release|Any CPU
		{D7144442-7863-403A-93B5-D21A33A2D4FA}.Release|Any CPU.Build.0 = Release|Any CPU
	EndGlobalSection
	GlobalSection(SolutionProperties) = preSolution
		HideSolutionNode = FALSE
	EndGlobalSection
	GlobalSection(ExtensibilityGlobals) = postSolution
		SolutionGuid = {1E1634D7-418F-4753-92D3-EC9591667898}
	EndGlobalSection
EndGlobal
